
Microsoft Visual Studio Solution File, Format Version 12.00
# Visual Studio 2012
Project("{FAE04EC0-301F-11D3-BF4B-00C04F79EFBC}") = "SidBy.Sklad.Web", "SidBy.Sklad.Web\SidBy.Sklad.Web.csproj", "{BB886A8E-AF1E-468D-97FF-250604BB78F5}"
EndProject
Project("{FAE04EC0-301F-11D3-BF4B-00C04F79EFBC}") = "SidBy.Common", "SidBy.Common\SidBy.Common.csproj", "{2D8A1765-E615-4BF3-8EF7-4A4EBDA39A59}"
EndProject
Global
	GlobalSection(SolutionConfigurationPlatforms) = preSolution
		Debug|Any CPU = Debug|Any CPU
		Release|Any CPU = Release|Any CPU
	EndGlobalSection
	GlobalSection(ProjectConfigurationPlatforms) = postSolution
		{BB886A8E-AF1E-468D-97FF-250604BB78F5}.Debug|Any CPU.ActiveCfg = Debug|Any CPU
		{BB886A8E-AF1E-468D-97FF-250604BB78F5}.Debug|Any CPU.Build.0 = Debug|Any CPU
		{BB886A8E-AF1E-468D-97FF-250604BB78F5}.Release|Any CPU.ActiveCfg = Release|Any CPU
		{BB886A8E-AF1E-468D-97FF-250604BB78F5}.Release|Any CPU.Build.0 = Release|Any CPU
		{2D8A1765-E615-4BF3-8EF7-4A4EBDA39A59}.Debug|Any CPU.ActiveCfg = Debug|Any CPU
		{2D8A1765-E615-4BF3-8EF7-4A4EBDA39A59}.Debug|Any CPU.Build.0 = Debug|Any CPU
		{2D8A1765-E615-4BF3-8EF7-4A4EBDA39A59}.Release|Any CPU.ActiveCfg = Release|Any CPU
		{2D8A1765-E615-4BF3-8EF7-4A4EBDA39A59}.Release|Any CPU.Build.0 = Release|Any CPU
	EndGlobalSection
	GlobalSection(SolutionProperties) = preSolution
		HideSolutionNode = FALSE
	EndGlobalSection
EndGlobal
